{
  "name": "test_project",
  "lockfileVersion": 2,
  "requires": true,
  "packages": {
    "": {
      "dependencies": {
        "clava-immer": "git://github.com/clavascript/clava-immer.git#c303a4744f136137cf2612e440958ca9e55ee721",
        "clavascript": "^0.0.0-alpha.40"
      }
    },
    "node_modules/clava-immer": {
      "version": "0.0.0-alpha.1",
      "resolved": "git+ssh://git@github.com/clavascript/clava-immer.git#c303a4744f136137cf2612e440958ca9e55ee721",
      "integrity": "sha512-8NtPA+1o18YgwmVMzXb00w2/yIfEJtttOn6qGD+/mLZWKUa/hBHztQTJto5YL1lGd2uiAKKNVsOAgNx8Pu+WPg==",
      "dependencies": {
        "clavascript": "^0.0.0-alpha.40",
        "immer": "^9.0.15"
      }
    },
    "node_modules/clavascript": {
      "version": "0.0.0-alpha.40",
      "resolved": "https://registry.npmjs.org/clavascript/-/clavascript-0.0.0-alpha.40.tgz",
      "integrity": "sha512-mYr4TIA6MkLooykWSfWqvyvpoS1fXthfsFPRPcqQ6/XRPBp4r4gJrYxz086jW2PEnPYRDLyfhlVikQdnGL0TiQ==",
      "bin": {
        "clava": "node_cli.js"
      }
    },
    "node_modules/immer": {
      "version": "9.0.15",
      "resolved": "https://registry.npmjs.org/immer/-/immer-9.0.15.tgz",
      "integrity": "sha512-2eB/sswms9AEUSkOm4SbV5Y7Vmt/bKRwByd52jfLkW4OLYeaTP3EEiJ9agqU0O/tq6Dk62Zfj+TJSqfm1rLVGQ==",
      "funding": {
        "type": "opencollective",
        "url": "https://opencollective.com/immer"
      }
    }
  },
  "dependencies": {
    "clava-immer": {
      "version": "git+ssh://git@github.com/clavascript/clava-immer.git#c303a4744f136137cf2612e440958ca9e55ee721",
      "integrity": "sha512-8NtPA+1o18YgwmVMzXb00w2/yIfEJtttOn6qGD+/mLZWKUa/hBHztQTJto5YL1lGd2uiAKKNVsOAgNx8Pu+WPg==",
      "from": "clava-immer@git://github.com/clavascript/clava-immer.git#c303a4744f136137cf2612e440958ca9e55ee721",
      "requires": {
        "clavascript": "^0.0.0-alpha.40",
        "immer": "^9.0.15"
      }
    },
    "clavascript": {
      "version": "0.0.0-alpha.40",
      "resolved": "https://registry.npmjs.org/clavascript/-/clavascript-0.0.0-alpha.40.tgz",
      "integrity": "sha512-mYr4TIA6MkLooykWSfWqvyvpoS1fXthfsFPRPcqQ6/XRPBp4r4gJrYxz086jW2PEnPYRDLyfhlVikQdnGL0TiQ=="
    },
    "immer": {
      "version": "9.0.15",
      "resolved": "https://registry.npmjs.org/immer/-/immer-9.0.15.tgz",
      "integrity": "sha512-2eB/sswms9AEUSkOm4SbV5Y7Vmt/bKRwByd52jfLkW4OLYeaTP3EEiJ9agqU0O/tq6Dk62Zfj+TJSqfm1rLVGQ=="
    }
  }
}
