{
  "name": "test_project",
  "lockfileVersion": 2,
  "requires": true,
  "packages": {
    "": {
      "dependencies": {
        "clava-immer": "git://github.com/clavascript/clava-immer.git",
        "clavascript": "^0.0.0-alpha.40"
      }
    },
    "node_modules/clava-immer": {
      "version": "0.0.0-alpha.1",
      "resolved": "git+ssh://git@github.com/clavascript/clava-immer.git#c20b482ed5a51f7c70de3805d9e252b9f52f2b03",
      "dependencies": {
        "clavascript": "^0.0.0-alpha.40",
        "immer": "^9.0.15"
      }
    },
    "node_modules/clavascript": {
      "version": "0.0.0-alpha.40",
      "resolved": "https://registry.npmjs.org/clavascript/-/clavascript-0.0.0-alpha.40.tgz",
      "integrity": "sha512-mYr4TIA6MkLooykWSfWqvyvpoS1fXthfsFPRPcqQ6/XRPBp4r4gJrYxz086jW2PEnPYRDLyfhlVikQdnGL0TiQ==",
      "bin": {
        "clava": "node_cli.js"
      }
    },
    "node_modules/immer": {
      "version": "9.0.15",
      "resolved": "https://registry.npmjs.org/immer/-/immer-9.0.15.tgz",
      "integrity": "sha512-2eB/sswms9AEUSkOm4SbV5Y7Vmt/bKRwByd52jfLkW4OLYeaTP3EEiJ9agqU0O/tq6Dk62Zfj+TJSqfm1rLVGQ==",
      "funding": {
        "type": "opencollective",
        "url": "https://opencollective.com/immer"
      }
    }
  },
  "dependencies": {
    "clava-immer": {
      "version": "git+ssh://git@github.com/clavascript/clava-immer.git#c20b482ed5a51f7c70de3805d9e252b9f52f2b03",
      "from": "clava-immer@git://github.com/clavascript/clava-immer.git",
      "requires": {
        "clavascript": "^0.0.0-alpha.40",
        "immer": "^9.0.15"
      }
    },
    "clavascript": {
      "version": "0.0.0-alpha.40",
      "resolved": "https://registry.npmjs.org/clavascript/-/clavascript-0.0.0-alpha.40.tgz",
      "integrity": "sha512-mYr4TIA6MkLooykWSfWqvyvpoS1fXthfsFPRPcqQ6/XRPBp4r4gJrYxz086jW2PEnPYRDLyfhlVikQdnGL0TiQ=="
    },
    "immer": {
      "version": "9.0.15",
      "resolved": "https://registry.npmjs.org/immer/-/immer-9.0.15.tgz",
      "integrity": "sha512-2eB/sswms9AEUSkOm4SbV5Y7Vmt/bKRwByd52jfLkW4OLYeaTP3EEiJ9agqU0O/tq6Dk62Zfj+TJSqfm1rLVGQ=="
    }
  }
}
